{
  "name": "TiktOctt",
  "lockfileVersion": 3,
  "requires": true,
  "packages": {
    "": {
      "dependencies": {
        "vlitejs": "^6.0.3"
      }
    },
    "node_modules/validate-target": {
      "version": "3.1.1",
      "resolved": "https://registry.npmjs.org/validate-target/-/validate-target-3.1.1.tgz",
      "integrity": "sha512-MRTgeSwwI8fyNPzRi8SsZiU6LSwlsRE3cLiynyse8G82hjEkfq/setjs0D789FwKrtnDCZn7m0MHlklDPzs74g==",
      "license": "MIT",
      "engines": {
        "node": ">=16.20.0"
      }
    },
    "node_modules/vlitejs": {
      "version": "6.0.5",
      "resolved": "https://registry.npmjs.org/vlitejs/-/vlitejs-6.0.5.tgz",
      "integrity": "sha512-SLNl5KJlO+p7Wx/F4WU2eg1EWzO96d6f6jQPd2cU/VeJYx6/TIjvLc9EhTuW51rFcf7httWkKJqqiGVkCF0kvA==",
      "license": "MIT",
      "dependencies": {
        "validate-target": "^3.1.1"
      },
      "engines": {
        "node": ">=16.20.0"
      },
      "funding": {
        "type": "individual",
        "url": "https://github.com/sponsors/yoriiis"
      }
    }
  }
}
