{
  "name": "TiktOctt",
  "lockfileVersion": 3,
  "requires": true,
  "packages": {
    "": {
      "dependencies": {
        "vlitejs": "^6.0.3"
      }
    },
    "node_modules/validate-target": {
      "version": "3.1.1",
      "resolved": "https://registry.npmjs.org/validate-target/-/validate-target-3.1.1.tgz",
      "integrity": "sha512-MRTgeSwwI8fyNPzRi8SsZiU6LSwlsRE3cLiynyse8G82hjEkfq/setjs0D789FwKrtnDCZn7m0MHlklDPzs74g==",
      "engines": {
        "node": ">=16.20.0"
      }
    },
    "node_modules/vlitejs": {
      "version": "6.0.3",
      "resolved": "https://registry.npmjs.org/vlitejs/-/vlitejs-6.0.3.tgz",
      "integrity": "sha512-v/m95c3LkxR5AaNW0lUZiNSSECWHYIzrh+yspbsxa46Zeas2OHiiTH3VDMdrWOg4dSBku/jUcuohOhas7kwOSA==",
      "dependencies": {
        "validate-target": "^3.1.1"
      },
      "engines": {
        "node": ">=16.20.0"
      },
      "funding": {
        "type": "individual",
        "url": "https://github.com/sponsors/yoriiis"
      }
    }
  }
}
