{
  "name": "WuppiMini",
  "lockfileVersion": 3,
  "requires": true,
  "packages": {
    "": {
      "dependencies": {
        "mime-types": "^2.1.35",
        "parse-multipart-data": "^1.5.0",
        "SpaccDotWeb": "gitlab:SpaccInc/SpaccDotWeb"
      }
    },
    "node_modules/mime-db": {
      "version": "1.52.0",
      "resolved": "https://registry.npmjs.org/mime-db/-/mime-db-1.52.0.tgz",
      "integrity": "sha512-sPU4uV7dYlvtWJxwwxHD0PuihVNiE7TyAbQ5SWxDCB9mUYvOgroQOwYQQOKPJ8CIbE+1ETVlOoK1UC2nU3gYvg==",
      "engines": {
        "node": ">= 0.6"
      }
    },
    "node_modules/mime-types": {
      "version": "2.1.35",
      "resolved": "https://registry.npmjs.org/mime-types/-/mime-types-2.1.35.tgz",
      "integrity": "sha512-ZDY+bPm5zTTF+YpCrAU9nK0UgICYPT0QtT1NZWFv4s++TNkcgVaT0g6+4R2uI4MjQjzysHB1zxuWL50hzaeXiw==",
      "dependencies": {
        "mime-db": "1.52.0"
      },
      "engines": {
        "node": ">= 0.6"
      }
    },
    "node_modules/parse-multipart-data": {
      "version": "1.5.0",
      "resolved": "https://registry.npmjs.org/parse-multipart-data/-/parse-multipart-data-1.5.0.tgz",
      "integrity": "sha512-ck5zaMF0ydjGfejNMnlo5YU2oJ+pT+80Jb1y4ybanT27j+zbVP/jkYmCrUGsEln0Ox/hZmuvgy8Ra7AxbXP2Mw=="
    },
    "node_modules/SpaccDotWeb": {
      "version": "indev",
      "resolved": "git+ssh://git@gitlab.com/SpaccInc/SpaccDotWeb.git#618842883d76136ef78d439addee571c68862dde",
      "dependencies": {
        "mime-types": "^2.1.35",
        "parse-multipart-data": "^1.5.0"
      }
    }
  }
}
