{
  "name": "SpiderADB",
  "lockfileVersion": 3,
  "requires": true,
  "packages": {
    "": {
      "dependencies": {
        "@yume-chan/adb": "^0.0.23",
        "@yume-chan/adb-credential-web": "^0.0.23",
        "@yume-chan/adb-daemon-webusb": "^0.0.23",
        "@yume-chan/stream-extra": "^0.0.23"
      }
    },
    "node_modules/@types/w3c-web-usb": {
      "version": "1.0.10",
      "resolved": "https://registry.npmjs.org/@types/w3c-web-usb/-/w3c-web-usb-1.0.10.tgz",
      "integrity": "sha512-CHgUI5kTc/QLMP8hODUHhge0D4vx+9UiAwIGiT0sTy/B2XpdX1U5rJt6JSISgr6ikRT7vxV9EVAFeYZqUnl1gQ=="
    },
    "node_modules/@yume-chan/adb": {
      "version": "0.0.23",
      "resolved": "https://registry.npmjs.org/@yume-chan/adb/-/adb-0.0.23.tgz",
      "integrity": "sha512-RMX+GEzxYrnxMOeRG1Qc2ibTp/8ykShSnnPUAya/JfRMn717AP11T7wLovnzqnNbLG49EpnD4AxwrcOusddybw==",
      "dependencies": {
        "@yume-chan/async": "^2.2.0",
        "@yume-chan/dataview-bigint-polyfill": "^0.0.23",
        "@yume-chan/event": "^0.0.23",
        "@yume-chan/stream-extra": "^0.0.23",
        "@yume-chan/struct": "^0.0.23",
        "tslib": "^2.6.2"
      }
    },
    "node_modules/@yume-chan/adb-credential-web": {
      "version": "0.0.23",
      "resolved": "https://registry.npmjs.org/@yume-chan/adb-credential-web/-/adb-credential-web-0.0.23.tgz",
      "integrity": "sha512-2KcYjTqj2opKt59fuSL9R8jiQBylff3Vn7QUXcoOgNxil9UX3WZCjnO3Cvlm5sACPDsLBYmspuYq+3Ex0PnRsw==",
      "dependencies": {
        "@yume-chan/adb": "^0.0.23",
        "tslib": "^2.6.2"
      }
    },
    "node_modules/@yume-chan/adb-daemon-webusb": {
      "version": "0.0.23",
      "resolved": "https://registry.npmjs.org/@yume-chan/adb-daemon-webusb/-/adb-daemon-webusb-0.0.23.tgz",
      "integrity": "sha512-i7j5ehOwvlaedYR2a4hbd6t0esRLHelvxdRRnyV37nn896p7+AgG6FIfWiXhd7w6VkC20NepAZTFHB0b0eIm5g==",
      "dependencies": {
        "@types/w3c-web-usb": "^1.0.10",
        "@yume-chan/adb": "^0.0.23",
        "@yume-chan/stream-extra": "^0.0.23",
        "@yume-chan/struct": "^0.0.23",
        "tslib": "^2.6.2"
      }
    },
    "node_modules/@yume-chan/async": {
      "version": "2.2.0",
      "resolved": "https://registry.npmjs.org/@yume-chan/async/-/async-2.2.0.tgz",
      "integrity": "sha512-jatCtX1/3DsR9Vt3EB8CGFy0MNrXP5f+eNiRGHLH+LkYz7MPLzpqL/DnvXSip+Z0EKBCDnzuNuELjsKEEzcdQA==",
      "dependencies": {
        "tslib": "^2.3.1"
      }
    },
    "node_modules/@yume-chan/dataview-bigint-polyfill": {
      "version": "0.0.23",
      "resolved": "https://registry.npmjs.org/@yume-chan/dataview-bigint-polyfill/-/dataview-bigint-polyfill-0.0.23.tgz",
      "integrity": "sha512-ZlE0xrG5xmStZYlrWLSLXprvIwcAmUTyU/YsAJLsNel1j27RlzeherAfPSLthTwV2jlFwUfMJ3IqtVMjk2XA5A==",
      "dependencies": {
        "tslib": "^2.6.2"
      }
    },
    "node_modules/@yume-chan/event": {
      "version": "0.0.23",
      "resolved": "https://registry.npmjs.org/@yume-chan/event/-/event-0.0.23.tgz",
      "integrity": "sha512-WgljyzEzd5ice5Logp2lkMegvxHKWjQpg8crXPx9CqBPxwT4f2dz4ORUceQUZ6B0CxppLBXp6CJf3D3wfRJbEQ==",
      "dependencies": {
        "@yume-chan/async": "^2.2.0",
        "tslib": "^2.6.2"
      }
    },
    "node_modules/@yume-chan/stream-extra": {
      "version": "0.0.23",
      "resolved": "https://registry.npmjs.org/@yume-chan/stream-extra/-/stream-extra-0.0.23.tgz",
      "integrity": "sha512-Q48X6mot5ORGscDvJhwNB0jjwRGpd/Rezpms5/0bVDtrwI7oFlWBNU2SKLXfeV1Qjxc5r5yUued09InEfMU5AA==",
      "dependencies": {
        "@yume-chan/async": "^2.2.0",
        "@yume-chan/struct": "^0.0.23",
        "tslib": "^2.6.2"
      }
    },
    "node_modules/@yume-chan/struct": {
      "version": "0.0.23",
      "resolved": "https://registry.npmjs.org/@yume-chan/struct/-/struct-0.0.23.tgz",
      "integrity": "sha512-yGzeXfpmVwhO8jnrrZBPiNTF4kGk4127/3wUQ0hhH7CLj+eRroCYOQyMl4pvGKhChOHIQioU4NmhDlBgCPYEFQ==",
      "dependencies": {
        "@yume-chan/dataview-bigint-polyfill": "^0.0.23",
        "tslib": "^2.6.2"
      }
    },
    "node_modules/tslib": {
      "version": "2.6.2",
      "resolved": "https://registry.npmjs.org/tslib/-/tslib-2.6.2.tgz",
      "integrity": "sha512-AEYxH93jGFPn/a2iVAwW87VuUIkR1FVUKB77NwMF7nBTDkDrrT/Hpt/IrCJ0QXhW27jTBDcf5ZY7w6RiqTMw2Q=="
    }
  }
}
